
Microsoft Visual Studio Solution File, Format Version 12.00
# Visual Studio 15
VisualStudioVersion = 15.0.27428.2027
MinimumVisualStudioVersion = 10.0.40219.1
Project("{FAE04EC0-301F-11D3-BF4B-00C04F79EFBC}") = "ChongGuanSafetySupervisionQZ", "ChongGuanSafetySupervisionQZ\ChongGuanSafetySupervisionQZ.csproj", "{98A2D289-1B26-4696-B906-9EDD0CFC05C2}"
EndProject
Project("{FAE04EC0-301F-11D3-BF4B-00C04F79EFBC}") = "ChongGuanSafetySupervisionQZ.Model", "ChongGuanSafetySupervisionQZ.Model\ChongGuanSafetySupervisionQZ.Model.csproj", "{0998EC03-ADBA-47E1-8BB3-CAC7591BFC78}"
EndProject
Project("{FAE04EC0-301F-11D3-BF4B-00C04F79EFBC}") = "ChongGuanSafetySupervisionQZ.DAL", "ChongGuanSafetySupervisionQZ.DAL\ChongGuanSafetySupervisionQZ.DAL.csproj", "{B5D7C4A5-F31F-45F4-A6CC-844CF356A1CD}"
EndProject
Project("{FAE04EC0-301F-11D3-BF4B-00C04F79EFBC}") = "ChongGuanDotNetUtils", "ChongGuanDotNetUtils\ChongGuanDotNetUtils.csproj", "{820C0B35-4C65-4ECC-8729-0832F6ACD0E4}"
EndProject
Project("{FAE04EC0-301F-11D3-BF4B-00C04F79EFBC}") = "DXChongGuanSafetySupervisionQZForm", "DXChongGuanSafetySupervisionQZForm\DXChongGuanSafetySupervisionQZForm.csproj", "{555E948D-2E78-4E57-837A-F21421E417BB}"
EndProject
Global
	GlobalSection(SolutionConfigurationPlatforms) = preSolution
		Debug|Any CPU = Debug|Any CPU
		Release|Any CPU = Release|Any CPU
	EndGlobalSection
	GlobalSection(ProjectConfigurationPlatforms) = postSolution
		{98A2D289-1B26-4696-B906-9EDD0CFC05C2}.Debug|Any CPU.ActiveCfg = Debug|Any CPU
		{98A2D289-1B26-4696-B906-9EDD0CFC05C2}.Debug|Any CPU.Build.0 = Debug|Any CPU
		{98A2D289-1B26-4696-B906-9EDD0CFC05C2}.Release|Any CPU.ActiveCfg = Release|Any CPU
		{98A2D289-1B26-4696-B906-9EDD0CFC05C2}.Release|Any CPU.Build.0 = Release|Any CPU
		{0998EC03-ADBA-47E1-8BB3-CAC7591BFC78}.Debug|Any CPU.ActiveCfg = Debug|Any CPU
		{0998EC03-ADBA-47E1-8BB3-CAC7591BFC78}.Debug|Any CPU.Build.0 = Debug|Any CPU
		{0998EC03-ADBA-47E1-8BB3-CAC7591BFC78}.Release|Any CPU.ActiveCfg = Release|Any CPU
		{0998EC03-ADBA-47E1-8BB3-CAC7591BFC78}.Release|Any CPU.Build.0 = Release|Any CPU
		{B5D7C4A5-F31F-45F4-A6CC-844CF356A1CD}.Debug|Any CPU.ActiveCfg = Debug|Any CPU
		{B5D7C4A5-F31F-45F4-A6CC-844CF356A1CD}.Debug|Any CPU.Build.0 = Debug|Any CPU
		{B5D7C4A5-F31F-45F4-A6CC-844CF356A1CD}.Release|Any CPU.ActiveCfg = Release|Any CPU
		{B5D7C4A5-F31F-45F4-A6CC-844CF356A1CD}.Release|Any CPU.Build.0 = Release|Any CPU
		{820C0B35-4C65-4ECC-8729-0832F6ACD0E4}.Debug|Any CPU.ActiveCfg = Debug|Any CPU
		{820C0B35-4C65-4ECC-8729-0832F6ACD0E4}.Debug|Any CPU.Build.0 = Debug|Any CPU
		{820C0B35-4C65-4ECC-8729-0832F6ACD0E4}.Release|Any CPU.ActiveCfg = Release|Any CPU
		{820C0B35-4C65-4ECC-8729-0832F6ACD0E4}.Release|Any CPU.Build.0 = Release|Any CPU
		{555E948D-2E78-4E57-837A-F21421E417BB}.Debug|Any CPU.ActiveCfg = Debug|Any CPU
		{555E948D-2E78-4E57-837A-F21421E417BB}.Debug|Any CPU.Build.0 = Debug|Any CPU
		{555E948D-2E78-4E57-837A-F21421E417BB}.Release|Any CPU.ActiveCfg = Release|Any CPU
		{555E948D-2E78-4E57-837A-F21421E417BB}.Release|Any CPU.Build.0 = Release|Any CPU
	EndGlobalSection
	GlobalSection(SolutionProperties) = preSolution
		HideSolutionNode = FALSE
	EndGlobalSection
	GlobalSection(ExtensibilityGlobals) = postSolution
		SolutionGuid = {FB7E8546-DB53-4301-89B2-DB0803822F8D}
	EndGlobalSection
EndGlobal
